github.com/prometheus/alertmanager v0.25.0 h1:xxxxxxxxxxxxxxxxxxxxxxxxxxxxxxxxxxxxxxxxxxx=
github.com/prometheus/alertmanager v0.25.0/go.mod h1:yyyyyyyyyyyyyyyyyyyyyyyyyyyyyyyyyyyyyyy=
google.golang.org/protobuf v1.28.1 h1:zzzzzzzzzzzzzzzzzzzzzzzzzzzzzzzzzzzzzzzzzzzzzzzz=
google.golang.org/protobuf v1.28.1/go.mod h1:aaaaaaaaaaaaaaaaaaaaaaaaaaaaaaaaaaaaaaaaaaa=
